{"version":4,"terraform_version":"1.10.1","serial":46,"lineage":"88bfd27a-153e-0eae-d416-220f49d6aace","outputs":{"api_health_url":{"value":"https://backend-api-66g7tud2sq-ew.a.run.app/api/health","type":"string"},"backend_url":{"value":"https://backend-api-66g7tud2sq-ew.a.run.app","type":"string"},"csrf_token_url":{"value":"https://backend-api-66g7tud2sq-ew.a.run.app/api/csrfToken","type":"string"},"database_connection_name":{"value":"automatic-rite-464507-d7:europe-west1:projet-pro-postgres-wzxecf","type":"string"},"database_private_ip":{"value":"10.102.0.3","type":"string","sensitive":true},"deployment_instructions":{"value":{"documentation":"https://cloud.google.com/docs/terraform","step_1":"Créer un projet GCP et activer la facturation","step_2":"Installer gcloud CLI et se connecter: gcloud auth application-default login","step_3":"Définir PROJECT_ID dans terraform.tfvars","step_4":"Exécuter: terraform init \u0026\u0026 terraform plan \u0026\u0026 terraform apply","step_5":"Les URLs des services seront affichées dans les outputs"},"type":["object",{"documentation":"string","step_1":"string","step_2":"string","step_3":"string","step_4":"string","step_5":"string"}]},"estimated_monthly_cost_info":{"value":{"cloud_run_services":"~10-30€/mois (selon trafic, scale-to-zero)","cloud_sql_postgres":"~15-25€/mois (db-f1-micro)","cloud_storage":"~2-8€/mois (selon utilisation)","networking":"~2-5€/mois (VPC, NAT)","note":"GCP généralement 30-40% moins cher qu'Azure. Coûts réels selon utilisation.","optimization":"Scale-to-zero activé sur Cloud Run pour économies maximales","secret_manager":"~1€/mois","total_estimated":"~30-70€/mois"},"type":["object",{"cloud_run_services":"string","cloud_sql_postgres":"string","cloud_storage":"string","networking":"string","note":"string","optimization":"string","secret_manager":"string","total_estimated":"string"}]},"frontend_url":{"value":"https://frontend-66g7tud2sq-ew.a.run.app","type":"string"},"grafana_url":{"value":"https://grafana-66g7tud2sq-ew.a.run.app","type":"string"},"project_id":{"value":"automatic-rite-464507-d7","type":"string"},"region":{"value":"europe-west1","type":"string"},"secret_manager_secrets":{"value":{"grafana_password":"projects/470976636166/secrets/grafana_admin_password","jwt_secret":"projects/470976636166/secrets/jwt_secret","postgres_password":"projects/470976636166/secrets/postgres_password"},"type":["object",{"grafana_password":"string","jwt_secret":"string","postgres_password":"string"}]},"storage_buckets":{"value":{"grafana_dashboards":"projet-pro-grafana-wzxecf","machine_images":"projet-pro-machine-images-wzxecf","temp_uploads":"projet-pro-temp-uploads-wzxecf"},"type":["object",{"grafana_dashboards":"string","machine_images":"string","temp_uploads":"string"}]},"vpc_network_name":{"value":"projet-pro-vpc","type":"string"}},"resources":[{"mode":"managed","type":"google_cloud_run_service","name":"backend","provider":"provider[\"registry.opentofu.org/hashicorp/google\"]","instances":[{"schema_version":2,"attributes":{"autogenerate_revision_name":false,"id":"locations/europe-west1/namespaces/automatic-rite-464507-d7/services/backend-api","location":"europe-west1","metadata":[{"annotations":{},"effective_annotations":{"run.googleapis.com/ingress":"all","run.googleapis.com/ingress-status":"all","run.googleapis.com/operation-id":"709e7a76-39e3-4608-a285-6bfea674a771","run.googleapis.com/urls":"[\"https://backend-api-470976636166.europe-west1.run.app\",\"https://backend-api-66g7tud2sq-ew.a.run.app\"]","serving.knative.dev/creator":"pio.ricotta@gmail.com","serving.knative.dev/lastModifier":"pio.ricotta@gmail.com"},"effective_labels":{"cloud.googleapis.com/location":"europe-west1"},"generation":2,"labels":{},"namespace":"automatic-rite-464507-d7","resource_version":"AAY4ybyjyHI","self_link":"/apis/serving.knative.dev/v1/namespaces/470976636166/services/backend-api","terraform_labels":{},"uid":"5f402d5c-afae-406a-b6c3-41f3930d5026"}],"name":"backend-api","project":"automatic-rite-464507-d7","status":[{"conditions":[{"message":"","reason":"","status":"True","type":"Ready"},{"message":"","reason":"","status":"True","type":"ConfigurationsReady"},{"message":"","reason":"","status":"True","type":"RoutesReady"}],"latest_created_revision_name":"backend-api-00002-bhg","latest_ready_revision_name":"backend-api-00002-bhg","observed_generation":2,"traffic":[{"latest_revision":true,"percent":100,"revision_name":"backend-api-00002-bhg","tag":"","url":""}],"url":"https://backend-api-66g7tud2sq-ew.a.run.app"}],"template":[{"metadata":[{"annotations":{"autoscaling.knative.dev/maxScale":"3","autoscaling.knative.dev/minScale":"0","run.googleapis.com/startup-timeout":"300s","run.googleapis.com/timeout":"300s","run.googleapis.com/vpc-access-connector":"projet-pro-connector-v2"},"generation":0,"labels":{"run.googleapis.com/startupProbeType":"Default"},"name":"","namespace":"","resource_version":"","self_link":"","uid":""}],"spec":[{"container_concurrency":80,"containers":[{"args":[],"command":[],"env":[{"name":"APP_DEBUG","value":"false","value_from":[]},{"name":"APP_ENV","value":"prod","value_from":[]},{"name":"CORS_ALLOW_ORIGIN","value":"https://*-run.app","value_from":[]},{"name":"DATABASE_HOST","value":"10.102.0.3","value_from":[]},{"name":"DATABASE_NAME","value":"projetpro","value_from":[]},{"name":"DATABASE_PASSWORD","value":"","value_from":[{"secret_key_ref":[{"key":"latest","name":"postgres_password"}]}]},{"name":"DATABASE_URL","value":"postgresql://projetpro:projetPro@10.102.0.3:5432/projetpro?sslmode=require","value_from":[]},{"name":"DATABASE_USER","value":"projetpro","value_from":[]},{"name":"GCS_BUCKET_IMAGES","value":"projet-pro-machine-images-wzxecf","value_from":[]},{"name":"GCS_BUCKET_TEMP","value":"projet-pro-temp-uploads-wzxecf","value_from":[]},{"name":"JWT_SECRET","value":"","value_from":[{"secret_key_ref":[{"key":"latest","name":"jwt_secret"}]}]}],"env_from":[],"image":"giovanni2002ynov/muscuscope:backend-0.0.4","liveness_probe":[],"name":"","ports":[{"container_port":80,"name":"http1","protocol":""}],"resources":[{"limits":{"cpu":"1000m","memory":"512Mi"},"requests":{"cpu":"100m","memory":"128Mi"}}],"startup_probe":[{"failure_threshold":1,"grpc":[],"http_get":[],"initial_delay_seconds":0,"period_seconds":240,"tcp_socket":[{"port":80}],"timeout_seconds":240}],"volume_mounts":[],"working_dir":""}],"node_selector":{},"service_account_name":"470976636166-compute@developer.gserviceaccount.com","serving_state":"","timeout_seconds":300,"volumes":[]}]}],"timeouts":null,"traffic":[{"latest_revision":true,"percent":100,"revision_name":"","tag":"","url":""}]},"sensitive_attributes":[[{"type":"get_attr","value":"template"},{"type":"index","value":{"value":0,"type":"number"}},{"type":"get_attr","value":"spec"},{"type":"index","value":{"value":0,"type":"number"}},{"type":"get_attr","value":"containers"},{"type":"index","value":{"value":0,"type":"number"}},{"type":"get_attr","value":"env"}]],"private":"eyJlMmJmYjczMC1lY2FhLTExZTYtOGY4OC0zNDM2M2JjN2M0YzAiOnsiY3JlYXRlIjoxMjAwMDAwMDAwMDAwLCJkZWxldGUiOjEyMDAwMDAwMDAwMDAsInVwZGF0ZSI6MTIwMDAwMDAwMDAwMH0sInNjaGVtYV92ZXJzaW9uIjoiMiJ9","dependencies":["google_compute_global_address.private_ip_address","google_compute_network.projet_pro_vpc","google_project_service.required_apis","google_secret_manager_secret.jwt_secret","google_secret_manager_secret.postgres_password","google_secret_manager_secret_iam_binding.jwt_secret_accessor","google_secret_manager_secret_iam_binding.postgres_password_accessor","google_service_networking_connection.private_vpc_connection","google_sql_database.projetpro_db","google_sql_database_instance.postgres","google_sql_user.postgres_user","google_storage_bucket.machine_images","google_storage_bucket.temp_uploads","google_storage_bucket_iam_binding.machine_images_object_admin","google_storage_bucket_iam_binding.temp_uploads_object_admin","google_vpc_access_connector.connector","random_string.suffix"]}]},{"mode":"managed","type":"google_cloud_run_service","name":"frontend","provider":"provider[\"registry.opentofu.org/hashicorp/google\"]","instances":[{"schema_version":2,"attributes":{"autogenerate_revision_name":false,"id":"locations/europe-west1/namespaces/automatic-rite-464507-d7/services/frontend","location":"europe-west1","metadata":[{"annotations":{},"effective_annotations":{"run.googleapis.com/ingress":"all","run.googleapis.com/ingress-status":"all","run.googleapis.com/operation-id":"1bd3860b-1c87-40fb-b013-d1a9934be465","run.googleapis.com/urls":"[\"https://frontend-470976636166.europe-west1.run.app\",\"https://frontend-66g7tud2sq-ew.a.run.app\"]","serving.knative.dev/creator":"pio.ricotta@gmail.com","serving.knative.dev/lastModifier":"pio.ricotta@gmail.com"},"effective_labels":{"cloud.googleapis.com/location":"europe-west1"},"generation":3,"labels":{},"namespace":"automatic-rite-464507-d7","resource_version":"AAY4yZzVRhU","self_link":"/apis/serving.knative.dev/v1/namespaces/470976636166/services/frontend","terraform_labels":{},"uid":"75b37719-d4fa-4877-b86f-cba7970a26b3"}],"name":"frontend","project":"automatic-rite-464507-d7","status":[{"conditions":[{"message":"","reason":"","status":"True","type":"Ready"},{"message":"","reason":"","status":"True","type":"ConfigurationsReady"},{"message":"","reason":"","status":"True","type":"RoutesReady"}],"latest_created_revision_name":"frontend-00003-flg","latest_ready_revision_name":"frontend-00003-flg","observed_generation":3,"traffic":[{"latest_revision":true,"percent":100,"revision_name":"frontend-00003-flg","tag":"","url":""}],"url":"https://frontend-66g7tud2sq-ew.a.run.app"}],"template":[{"metadata":[{"annotations":{"autoscaling.knative.dev/maxScale":"3","autoscaling.knative.dev/minScale":"0"},"generation":0,"labels":{"run.googleapis.com/startupProbeType":"Default"},"name":"","namespace":"","resource_version":"","self_link":"","uid":""}],"spec":[{"container_concurrency":80,"containers":[{"args":[],"command":[],"env":[{"name":"VITE_API_URL","value":"https://https://backend-api-66g7tud2sq-ew.a.run.app","value_from":[]},{"name":"VITE_APP_NAME","value":"MuscuScope","value_from":[]},{"name":"VITE_ENVIRONMENT","value":"prod","value_from":[]}],"env_from":[],"image":"giovanni2002ynov/muscuscope:frontend-0.0.4","liveness_probe":[],"name":"","ports":[{"container_port":80,"name":"http1","protocol":""}],"resources":[{"limits":{"cpu":"1000m","memory":"256Mi"},"requests":{"cpu":"100m","memory":"64Mi"}}],"startup_probe":[{"failure_threshold":1,"grpc":[],"http_get":[],"initial_delay_seconds":0,"period_seconds":240,"tcp_socket":[{"port":80}],"timeout_seconds":240}],"volume_mounts":[],"working_dir":""}],"node_selector":{},"service_account_name":"470976636166-compute@developer.gserviceaccount.com","serving_state":"","timeout_seconds":300,"volumes":[]}]}],"timeouts":null,"traffic":[{"latest_revision":true,"percent":100,"revision_name":"","tag":"","url":""}]},"sensitive_attributes":[],"private":"eyJlMmJmYjczMC1lY2FhLTExZTYtOGY4OC0zNDM2M2JjN2M0YzAiOnsiY3JlYXRlIjoxMjAwMDAwMDAwMDAwLCJkZWxldGUiOjEyMDAwMDAwMDAwMDAsInVwZGF0ZSI6MTIwMDAwMDAwMDAwMH0sInNjaGVtYV92ZXJzaW9uIjoiMiJ9","dependencies":["google_cloud_run_service.backend","google_compute_global_address.private_ip_address","google_compute_network.projet_pro_vpc","google_project_service.required_apis","google_secret_manager_secret.jwt_secret","google_secret_manager_secret.postgres_password","google_secret_manager_secret_iam_binding.jwt_secret_accessor","google_secret_manager_secret_iam_binding.postgres_password_accessor","google_service_networking_connection.private_vpc_connection","google_sql_database.projetpro_db","google_sql_database_instance.postgres","google_sql_user.postgres_user","google_storage_bucket.machine_images","google_storage_bucket.temp_uploads","google_storage_bucket_iam_binding.machine_images_object_admin","google_storage_bucket_iam_binding.temp_uploads_object_admin","google_vpc_access_connector.connector","random_string.suffix"]}]},{"mode":"managed","type":"google_cloud_run_service","name":"grafana","provider":"provider[\"registry.opentofu.org/hashicorp/google\"]","instances":[{"schema_version":2,"attributes":{"autogenerate_revision_name":false,"id":"locations/europe-west1/namespaces/automatic-rite-464507-d7/services/grafana","location":"europe-west1","metadata":[{"annotations":{},"effective_annotations":{"run.googleapis.com/ingress":"all","run.googleapis.com/ingress-status":"all","run.googleapis.com/operation-id":"21b309e6-7cdc-4378-bd93-4b0840aa1c14","run.googleapis.com/urls":"[\"https://grafana-470976636166.europe-west1.run.app\",\"https://grafana-66g7tud2sq-ew.a.run.app\"]","serving.knative.dev/creator":"pio.ricotta@gmail.com","serving.knative.dev/lastModifier":"pio.ricotta@gmail.com"},"effective_labels":{"cloud.googleapis.com/location":"europe-west1"},"generation":1,"labels":{},"namespace":"automatic-rite-464507-d7","resource_version":"AAY4yE6ICY4","self_link":"/apis/serving.knative.dev/v1/namespaces/470976636166/services/grafana","terraform_labels":{},"uid":"93ce66c5-f455-4efc-89ea-bbca92aa4284"}],"name":"grafana","project":"automatic-rite-464507-d7","status":[{"conditions":[{"message":"","reason":"","status":"True","type":"Ready"},{"message":"","reason":"","status":"True","type":"ConfigurationsReady"},{"message":"","reason":"","status":"True","type":"RoutesReady"}],"latest_created_revision_name":"grafana-00001-rqm","latest_ready_revision_name":"grafana-00001-rqm","observed_generation":1,"traffic":[{"latest_revision":true,"percent":100,"revision_name":"grafana-00001-rqm","tag":"","url":""}],"url":"https://grafana-66g7tud2sq-ew.a.run.app"}],"template":[{"metadata":[{"annotations":{"autoscaling.knative.dev/maxScale":"2","autoscaling.knative.dev/minScale":"0","run.googleapis.com/vpc-access-connector":"projet-pro-connector-v2"},"generation":0,"labels":{"run.googleapis.com/startupProbeType":"Default"},"name":"","namespace":"","resource_version":"","self_link":"","uid":""}],"spec":[{"container_concurrency":1,"containers":[{"args":[],"command":[],"env":[{"name":"GF_ALERTING_ENABLED","value":"false","value_from":[]},{"name":"GF_ANALYTICS_CHECK_FOR_UPDATES","value":"false","value_from":[]},{"name":"GF_ANALYTICS_REPORTING_ENABLED","value":"false","value_from":[]},{"name":"GF_DATABASE_HOST","value":"10.102.0.3:5432","value_from":[]},{"name":"GF_DATABASE_NAME","value":"grafana","value_from":[]},{"name":"GF_DATABASE_PASSWORD","value":"","value_from":[{"secret_key_ref":[{"key":"latest","name":"postgres_password"}]}]},{"name":"GF_DATABASE_SSL_MODE","value":"require","value_from":[]},{"name":"GF_DATABASE_TYPE","value":"postgres","value_from":[]},{"name":"GF_DATABASE_USER","value":"projetpro","value_from":[]},{"name":"GF_SECURITY_ADMIN_PASSWORD","value":"","value_from":[{"secret_key_ref":[{"key":"latest","name":"grafana_admin_password"}]}]},{"name":"GF_SECURITY_ADMIN_USER","value":"admin","value_from":[]},{"name":"GF_SERVER_HTTP_PORT","value":"3000","value_from":[]}],"env_from":[],"image":"grafana/grafana-oss:12.0.2-ubuntu","liveness_probe":[],"name":"","ports":[{"container_port":3000,"name":"http1","protocol":""}],"resources":[{"limits":{"cpu":"500m","memory":"256Mi"},"requests":{"cpu":"100m","memory":"128Mi"}}],"startup_probe":[{"failure_threshold":1,"grpc":[],"http_get":[],"initial_delay_seconds":0,"period_seconds":240,"tcp_socket":[{"port":3000}],"timeout_seconds":240}],"volume_mounts":[],"working_dir":""}],"node_selector":{},"service_account_name":"470976636166-compute@developer.gserviceaccount.com","serving_state":"","timeout_seconds":300,"volumes":[]}]}],"timeouts":null,"traffic":[{"latest_revision":true,"percent":100,"revision_name":"","tag":"","url":""}]},"sensitive_attributes":[],"private":"eyJlMmJmYjczMC1lY2FhLTExZTYtOGY4OC0zNDM2M2JjN2M0YzAiOnsiY3JlYXRlIjoxMjAwMDAwMDAwMDAwLCJkZWxldGUiOjEyMDAwMDAwMDAwMDAsInVwZGF0ZSI6MTIwMDAwMDAwMDAwMH0sInNjaGVtYV92ZXJzaW9uIjoiMiJ9","dependencies":["google_compute_global_address.private_ip_address","google_compute_network.projet_pro_vpc","google_project_service.required_apis","google_secret_manager_secret.grafana_password","google_secret_manager_secret.postgres_password","google_secret_manager_secret_iam_binding.grafana_password_accessor","google_secret_manager_secret_iam_binding.postgres_password_accessor","google_service_networking_connection.private_vpc_connection","google_sql_database.grafana_db","google_sql_database_instance.postgres","google_sql_user.postgres_user","google_storage_bucket.grafana_dashboards","google_storage_bucket_iam_binding.grafana_dashboards_object_admin","google_vpc_access_connector.connector","random_string.suffix"]}]},{"mode":"managed","type":"google_cloud_run_service_iam_binding","name":"backend_invoker","provider":"provider[\"registry.opentofu.org/hashicorp/google\"]","instances":[{"schema_version":0,"attributes":{"condition":[],"etag":"BwY4yE924lg=","id":"v1/projects/automatic-rite-464507-d7/locations/europe-west1/services/backend-api/roles/run.invoker","location":"europe-west1","members":["allUsers"],"project":"automatic-rite-464507-d7","role":"roles/run.invoker","service":"v1/projects/automatic-rite-464507-d7/locations/europe-west1/services/backend-api"},"sensitive_attributes":[],"private":"bnVsbA==","dependencies":["google_cloud_run_service.backend","google_compute_global_address.private_ip_address","google_compute_network.projet_pro_vpc","google_project_service.required_apis","google_secret_manager_secret.jwt_secret","google_secret_manager_secret.postgres_password","google_secret_manager_secret_iam_binding.jwt_secret_accessor","google_secret_manager_secret_iam_binding.postgres_password_accessor","google_service_networking_connection.private_vpc_connection","google_sql_database.projetpro_db","google_sql_database_instance.postgres","google_sql_user.postgres_user","google_storage_bucket.machine_images","google_storage_bucket.temp_uploads","google_storage_bucket_iam_binding.machine_images_object_admin","google_storage_bucket_iam_binding.temp_uploads_object_admin","google_vpc_access_connector.connector","random_string.suffix"]}]},{"mode":"managed","type":"google_cloud_run_service_iam_binding","name":"frontend_invoker","provider":"provider[\"registry.opentofu.org/hashicorp/google\"]","instances":[{"schema_version":0,"attributes":{"condition":[],"etag":"BwY4yFGld9o=","id":"v1/projects/automatic-rite-464507-d7/locations/europe-west1/services/frontend/roles/run.invoker","location":"europe-west1","members":["allUsers"],"project":"automatic-rite-464507-d7","role":"roles/run.invoker","service":"v1/projects/automatic-rite-464507-d7/locations/europe-west1/services/frontend"},"sensitive_attributes":[],"private":"bnVsbA==","dependencies":["google_cloud_run_service.backend","google_cloud_run_service.frontend","google_compute_global_address.private_ip_address","google_compute_network.projet_pro_vpc","google_project_service.required_apis","google_secret_manager_secret.jwt_secret","google_secret_manager_secret.postgres_password","google_secret_manager_secret_iam_binding.jwt_secret_accessor","google_secret_manager_secret_iam_binding.postgres_password_accessor","google_service_networking_connection.private_vpc_connection","google_sql_database.projetpro_db","google_sql_database_instance.postgres","google_sql_user.postgres_user","google_storage_bucket.machine_images","google_storage_bucket.temp_uploads","google_storage_bucket_iam_binding.machine_images_object_admin","google_storage_bucket_iam_binding.temp_uploads_object_admin","google_vpc_access_connector.connector","random_string.suffix"]}]},{"mode":"managed","type":"google_cloud_run_service_iam_binding","name":"grafana_invoker","provider":"provider[\"registry.opentofu.org/hashicorp/google\"]","instances":[{"schema_version":0,"attributes":{"condition":[],"etag":"BwY4yE7Zr5g=","id":"v1/projects/automatic-rite-464507-d7/locations/europe-west1/services/grafana/roles/run.invoker","location":"europe-west1","members":["allUsers"],"project":"automatic-rite-464507-d7","role":"roles/run.invoker","service":"v1/projects/automatic-rite-464507-d7/locations/europe-west1/services/grafana"},"sensitive_attributes":[],"private":"bnVsbA==","dependencies":["google_cloud_run_service.grafana","google_compute_global_address.private_ip_address","google_compute_network.projet_pro_vpc","google_project_service.required_apis","google_secret_manager_secret.grafana_password","google_secret_manager_secret.postgres_password","google_secret_manager_secret_iam_binding.grafana_password_accessor","google_secret_manager_secret_iam_binding.postgres_password_accessor","google_service_networking_connection.private_vpc_connection","google_sql_database.grafana_db","google_sql_database_instance.postgres","google_sql_user.postgres_user","google_storage_bucket.grafana_dashboards","google_storage_bucket_iam_binding.grafana_dashboards_object_admin","google_vpc_access_connector.connector","random_string.suffix"]}]},{"mode":"managed","type":"google_compute_global_address","name":"private_ip_address","provider":"provider[\"registry.opentofu.org/hashicorp/google\"]","instances":[{"schema_version":0,"attributes":{"address":"10.102.0.0","address_type":"INTERNAL","creation_timestamp":"2025-06-30T01:06:15.412-07:00","description":"","effective_labels":{"goog-terraform-provisioned":"true"},"id":"projects/automatic-rite-464507-d7/global/addresses/private-ip-address","ip_version":"","label_fingerprint":"vezUS-42LLM=","labels":{},"name":"private-ip-address","network":"https://www.googleapis.com/compute/v1/projects/automatic-rite-464507-d7/global/networks/projet-pro-vpc","prefix_length":16,"project":"automatic-rite-464507-d7","purpose":"VPC_PEERING","self_link":"https://www.googleapis.com/compute/v1/projects/automatic-rite-464507-d7/global/addresses/private-ip-address","terraform_labels":{"goog-terraform-provisioned":"true"},"timeouts":null},"sensitive_attributes":[],"private":"eyJlMmJmYjczMC1lY2FhLTExZTYtOGY4OC0zNDM2M2JjN2M0YzAiOnsiY3JlYXRlIjoxMjAwMDAwMDAwMDAwLCJkZWxldGUiOjEyMDAwMDAwMDAwMDAsInVwZGF0ZSI6MTIwMDAwMDAwMDAwMH19","dependencies":["google_compute_network.projet_pro_vpc","google_project_service.required_apis"]}]},{"mode":"managed","type":"google_compute_network","name":"projet_pro_vpc","provider":"provider[\"registry.opentofu.org/hashicorp/google\"]","instances":[{"schema_version":0,"attributes":{"auto_create_subnetworks":false,"bgp_always_compare_med":false,"bgp_best_path_selection_mode":"LEGACY","bgp_inter_region_cost":"","delete_default_routes_on_create":false,"description":"","enable_ula_internal_ipv6":false,"gateway_ipv4":"","id":"projects/automatic-rite-464507-d7/global/networks/projet-pro-vpc","internal_ipv6_range":"","mtu":0,"name":"projet-pro-vpc","network_firewall_policy_enforcement_order":"AFTER_CLASSIC_FIREWALL","network_id":"1424164721234279310","network_profile":"","numeric_id":"1424164721234279310","project":"automatic-rite-464507-d7","routing_mode":"REGIONAL","self_link":"https://www.googleapis.com/compute/v1/projects/automatic-rite-464507-d7/global/networks/projet-pro-vpc","timeouts":null},"sensitive_attributes":[],"private":"eyJlMmJmYjczMC1lY2FhLTExZTYtOGY4OC0zNDM2M2JjN2M0YzAiOnsiY3JlYXRlIjoxMjAwMDAwMDAwMDAwLCJkZWxldGUiOjEyMDAwMDAwMDAwMDAsInVwZGF0ZSI6MTIwMDAwMDAwMDAwMH19","dependencies":["google_project_service.required_apis"]}]},{"mode":"managed","type":"google_compute_subnetwork","name":"projet_pro_subnet","provider":"provider[\"registry.opentofu.org/hashicorp/google\"]","instances":[{"schema_version":0,"attributes":{"creation_timestamp":"2025-06-30T04:24:01.984-07:00","description":"","enable_flow_logs":false,"external_ipv6_prefix":"","fingerprint":null,"gateway_address":"10.0.1.1","id":"projects/automatic-rite-464507-d7/regions/europe-west1/subnetworks/projet-pro-subnet","internal_ipv6_prefix":"","ip_cidr_range":"10.0.1.0/24","ip_collection":null,"ipv6_access_type":"","ipv6_cidr_range":"","ipv6_gce_endpoint":"","log_config":[],"name":"projet-pro-subnet","network":"https://www.googleapis.com/compute/v1/projects/automatic-rite-464507-d7/global/networks/projet-pro-vpc","private_ip_google_access":true,"private_ipv6_google_access":"DISABLE_GOOGLE_ACCESS","project":"automatic-rite-464507-d7","purpose":"PRIVATE","region":"europe-west1","reserved_internal_range":"","role":"","secondary_ip_range":[],"self_link":"https://www.googleapis.com/compute/v1/projects/automatic-rite-464507-d7/regions/europe-west1/subnetworks/projet-pro-subnet","send_secondary_ip_range_if_empty":null,"stack_type":"IPV4_ONLY","state":"","subnetwork_id":6382557769858272574,"timeouts":null},"sensitive_attributes":[],"private":"eyJlMmJmYjczMC1lY2FhLTExZTYtOGY4OC0zNDM2M2JjN2M0YzAiOnsiY3JlYXRlIjoxMjAwMDAwMDAwMDAwLCJkZWxldGUiOjEyMDAwMDAwMDAwMDAsInVwZGF0ZSI6MTIwMDAwMDAwMDAwMH19","dependencies":["google_compute_network.projet_pro_vpc","google_project_service.required_apis"]}]},{"mode":"managed","type":"google_project_service","name":"required_apis","provider":"provider[\"registry.opentofu.org/hashicorp/google\"]","instances":[{"index_key":"artifactregistry.googleapis.com","schema_version":0,"attributes":{"disable_dependent_services":null,"disable_on_destroy":true,"id":"automatic-rite-464507-d7/artifactregistry.googleapis.com","project":"automatic-rite-464507-d7","service":"artifactregistry.googleapis.com","timeouts":null},"sensitive_attributes":[],"private":"eyJlMmJmYjczMC1lY2FhLTExZTYtOGY4OC0zNDM2M2JjN2M0YzAiOnsiY3JlYXRlIjoxMjAwMDAwMDAwMDAwLCJkZWxldGUiOjEyMDAwMDAwMDAwMDAsInJlYWQiOjYwMDAwMDAwMDAwMCwidXBkYXRlIjoxMjAwMDAwMDAwMDAwfX0="},{"index_key":"cloudresourcemanager.googleapis.com","schema_version":0,"attributes":{"disable_dependent_services":null,"disable_on_destroy":true,"id":"automatic-rite-464507-d7/cloudresourcemanager.googleapis.com","project":"automatic-rite-464507-d7","service":"cloudresourcemanager.googleapis.com","timeouts":null},"sensitive_attributes":[],"private":"eyJlMmJmYjczMC1lY2FhLTExZTYtOGY4OC0zNDM2M2JjN2M0YzAiOnsiY3JlYXRlIjoxMjAwMDAwMDAwMDAwLCJkZWxldGUiOjEyMDAwMDAwMDAwMDAsInJlYWQiOjYwMDAwMDAwMDAwMCwidXBkYXRlIjoxMjAwMDAwMDAwMDAwfX0="},{"index_key":"compute.googleapis.com","schema_version":0,"attributes":{"disable_dependent_services":null,"disable_on_destroy":true,"id":"automatic-rite-464507-d7/compute.googleapis.com","project":"automatic-rite-464507-d7","service":"compute.googleapis.com","timeouts":null},"sensitive_attributes":[],"private":"eyJlMmJmYjczMC1lY2FhLTExZTYtOGY4OC0zNDM2M2JjN2M0YzAiOnsiY3JlYXRlIjoxMjAwMDAwMDAwMDAwLCJkZWxldGUiOjEyMDAwMDAwMDAwMDAsInJlYWQiOjYwMDAwMDAwMDAwMCwidXBkYXRlIjoxMjAwMDAwMDAwMDAwfX0="},{"index_key":"run.googleapis.com","schema_version":0,"attributes":{"disable_dependent_services":null,"disable_on_destroy":true,"id":"automatic-rite-464507-d7/run.googleapis.com","project":"automatic-rite-464507-d7","service":"run.googleapis.com","timeouts":null},"sensitive_attributes":[],"private":"eyJlMmJmYjczMC1lY2FhLTExZTYtOGY4OC0zNDM2M2JjN2M0YzAiOnsiY3JlYXRlIjoxMjAwMDAwMDAwMDAwLCJkZWxldGUiOjEyMDAwMDAwMDAwMDAsInJlYWQiOjYwMDAwMDAwMDAwMCwidXBkYXRlIjoxMjAwMDAwMDAwMDAwfX0="},{"index_key":"secretmanager.googleapis.com","schema_version":0,"attributes":{"disable_dependent_services":null,"disable_on_destroy":true,"id":"automatic-rite-464507-d7/secretmanager.googleapis.com","project":"automatic-rite-464507-d7","service":"secretmanager.googleapis.com","timeouts":null},"sensitive_attributes":[],"private":"eyJlMmJmYjczMC1lY2FhLTExZTYtOGY4OC0zNDM2M2JjN2M0YzAiOnsiY3JlYXRlIjoxMjAwMDAwMDAwMDAwLCJkZWxldGUiOjEyMDAwMDAwMDAwMDAsInJlYWQiOjYwMDAwMDAwMDAwMCwidXBkYXRlIjoxMjAwMDAwMDAwMDAwfX0="},{"index_key":"servicenetworking.googleapis.com","schema_version":0,"attributes":{"disable_dependent_services":null,"disable_on_destroy":true,"id":"automatic-rite-464507-d7/servicenetworking.googleapis.com","project":"automatic-rite-464507-d7","service":"servicenetworking.googleapis.com","timeouts":null},"sensitive_attributes":[],"private":"eyJlMmJmYjczMC1lY2FhLTExZTYtOGY4OC0zNDM2M2JjN2M0YzAiOnsiY3JlYXRlIjoxMjAwMDAwMDAwMDAwLCJkZWxldGUiOjEyMDAwMDAwMDAwMDAsInJlYWQiOjYwMDAwMDAwMDAwMCwidXBkYXRlIjoxMjAwMDAwMDAwMDAwfX0="},{"index_key":"sql-component.googleapis.com","schema_version":0,"attributes":{"disable_dependent_services":null,"disable_on_destroy":true,"id":"automatic-rite-464507-d7/sql-component.googleapis.com","project":"automatic-rite-464507-d7","service":"sql-component.googleapis.com","timeouts":null},"sensitive_attributes":[],"private":"eyJlMmJmYjczMC1lY2FhLTExZTYtOGY4OC0zNDM2M2JjN2M0YzAiOnsiY3JlYXRlIjoxMjAwMDAwMDAwMDAwLCJkZWxldGUiOjEyMDAwMDAwMDAwMDAsInJlYWQiOjYwMDAwMDAwMDAwMCwidXBkYXRlIjoxMjAwMDAwMDAwMDAwfX0="},{"index_key":"sqladmin.googleapis.com","schema_version":0,"attributes":{"disable_dependent_services":null,"disable_on_destroy":true,"id":"automatic-rite-464507-d7/sqladmin.googleapis.com","project":"automatic-rite-464507-d7","service":"sqladmin.googleapis.com","timeouts":null},"sensitive_attributes":[],"private":"eyJlMmJmYjczMC1lY2FhLTExZTYtOGY4OC0zNDM2M2JjN2M0YzAiOnsiY3JlYXRlIjoxMjAwMDAwMDAwMDAwLCJkZWxldGUiOjEyMDAwMDAwMDAwMDAsInJlYWQiOjYwMDAwMDAwMDAwMCwidXBkYXRlIjoxMjAwMDAwMDAwMDAwfX0="},{"index_key":"storage.googleapis.com","schema_version":0,"attributes":{"disable_dependent_services":null,"disable_on_destroy":true,"id":"automatic-rite-464507-d7/storage.googleapis.com","project":"automatic-rite-464507-d7","service":"storage.googleapis.com","timeouts":null},"sensitive_attributes":[],"private":"eyJlMmJmYjczMC1lY2FhLTExZTYtOGY4OC0zNDM2M2JjN2M0YzAiOnsiY3JlYXRlIjoxMjAwMDAwMDAwMDAwLCJkZWxldGUiOjEyMDAwMDAwMDAwMDAsInJlYWQiOjYwMDAwMDAwMDAwMCwidXBkYXRlIjoxMjAwMDAwMDAwMDAwfX0="},{"index_key":"vpcaccess.googleapis.com","schema_version":0,"attributes":{"disable_dependent_services":null,"disable_on_destroy":true,"id":"automatic-rite-464507-d7/vpcaccess.googleapis.com","project":"automatic-rite-464507-d7","service":"vpcaccess.googleapis.com","timeouts":null},"sensitive_attributes":[],"private":"eyJlMmJmYjczMC1lY2FhLTExZTYtOGY4OC0zNDM2M2JjN2M0YzAiOnsiY3JlYXRlIjoxMjAwMDAwMDAwMDAwLCJkZWxldGUiOjEyMDAwMDAwMDAwMDAsInJlYWQiOjYwMDAwMDAwMDAwMCwidXBkYXRlIjoxMjAwMDAwMDAwMDAwfX0="}]},{"mode":"managed","type":"google_secret_manager_secret","name":"grafana_password","provider":"provider[\"registry.opentofu.org/hashicorp/google\"]","instances":[{"schema_version":0,"attributes":{"annotations":null,"create_time":"2025-06-30T11:24:12.004258Z","effective_annotations":{},"effective_labels":{"goog-terraform-provisioned":"true"},"expire_time":"","id":"projects/automatic-rite-464507-d7/secrets/grafana_admin_password","labels":null,"name":"projects/470976636166/secrets/grafana_admin_password","project":"automatic-rite-464507-d7","replication":[{"auto":[],"user_managed":[{"replicas":[{"customer_managed_encryption":[],"location":"europe-west1"}]}]}],"rotation":[],"secret_id":"grafana_admin_password","terraform_labels":{"goog-terraform-provisioned":"true"},"timeouts":null,"topics":[],"ttl":null,"version_aliases":null,"version_destroy_ttl":""},"sensitive_attributes":[],"private":"eyJlMmJmYjczMC1lY2FhLTExZTYtOGY4OC0zNDM2M2JjN2M0YzAiOnsiY3JlYXRlIjoxMjAwMDAwMDAwMDAwLCJkZWxldGUiOjEyMDAwMDAwMDAwMDAsInVwZGF0ZSI6MTIwMDAwMDAwMDAwMH19","dependencies":["google_project_service.required_apis"]}]},{"mode":"managed","type":"google_secret_manager_secret","name":"jwt_secret","provider":"provider[\"registry.opentofu.org/hashicorp/google\"]","instances":[{"schema_version":0,"attributes":{"annotations":null,"create_time":"2025-06-30T11:24:12.002993Z","effective_annotations":{},"effective_labels":{"goog-terraform-provisioned":"true"},"expire_time":"","id":"projects/automatic-rite-464507-d7/secrets/jwt_secret","labels":null,"name":"projects/470976636166/secrets/jwt_secret","project":"automatic-rite-464507-d7","replication":[{"auto":[],"user_managed":[{"replicas":[{"customer_managed_encryption":[],"location":"europe-west1"}]}]}],"rotation":[],"secret_id":"jwt_secret","terraform_labels":{"goog-terraform-provisioned":"true"},"timeouts":null,"topics":[],"ttl":null,"version_aliases":null,"version_destroy_ttl":""},"sensitive_attributes":[],"private":"eyJlMmJmYjczMC1lY2FhLTExZTYtOGY4OC0zNDM2M2JjN2M0YzAiOnsiY3JlYXRlIjoxMjAwMDAwMDAwMDAwLCJkZWxldGUiOjEyMDAwMDAwMDAwMDAsInVwZGF0ZSI6MTIwMDAwMDAwMDAwMH19","dependencies":["google_project_service.required_apis"]}]},{"mode":"managed","type":"google_secret_manager_secret","name":"postgres_password","provider":"provider[\"registry.opentofu.org/hashicorp/google\"]","instances":[{"schema_version":0,"attributes":{"annotations":null,"create_time":"2025-06-30T11:24:12.006924Z","effective_annotations":{},"effective_labels":{"goog-terraform-provisioned":"true"},"expire_time":"","id":"projects/automatic-rite-464507-d7/secrets/postgres_password","labels":null,"name":"projects/470976636166/secrets/postgres_password","project":"automatic-rite-464507-d7","replication":[{"auto":[],"user_managed":[{"replicas":[{"customer_managed_encryption":[],"location":"europe-west1"}]}]}],"rotation":[],"secret_id":"postgres_password","terraform_labels":{"goog-terraform-provisioned":"true"},"timeouts":null,"topics":[],"ttl":null,"version_aliases":null,"version_destroy_ttl":""},"sensitive_attributes":[],"private":"eyJlMmJmYjczMC1lY2FhLTExZTYtOGY4OC0zNDM2M2JjN2M0YzAiOnsiY3JlYXRlIjoxMjAwMDAwMDAwMDAwLCJkZWxldGUiOjEyMDAwMDAwMDAwMDAsInVwZGF0ZSI6MTIwMDAwMDAwMDAwMH19","dependencies":["google_project_service.required_apis"]}]},{"mode":"managed","type":"google_secret_manager_secret_iam_binding","name":"grafana_password_accessor","provider":"provider[\"registry.opentofu.org/hashicorp/google\"]","instances":[{"schema_version":0,"attributes":{"condition":[],"etag":"BwY4yESG/0Q=","id":"projects/automatic-rite-464507-d7/secrets/grafana_admin_password/roles/secretmanager.secretAccessor","members":["serviceAccount:470976636166-compute@developer.gserviceaccount.com"],"project":"automatic-rite-464507-d7","role":"roles/secretmanager.secretAccessor","secret_id":"projects/automatic-rite-464507-d7/secrets/grafana_admin_password"},"sensitive_attributes":[],"private":"bnVsbA==","dependencies":["google_project_service.required_apis","google_secret_manager_secret.grafana_password"]}]},{"mode":"managed","type":"google_secret_manager_secret_iam_binding","name":"jwt_secret_accessor","provider":"provider[\"registry.opentofu.org/hashicorp/google\"]","instances":[{"schema_version":0,"attributes":{"condition":[],"etag":"BwY4yER2Nk4=","id":"projects/automatic-rite-464507-d7/secrets/jwt_secret/roles/secretmanager.secretAccessor","members":["serviceAccount:470976636166-compute@developer.gserviceaccount.com"],"project":"automatic-rite-464507-d7","role":"roles/secretmanager.secretAccessor","secret_id":"projects/automatic-rite-464507-d7/secrets/jwt_secret"},"sensitive_attributes":[],"private":"bnVsbA==","dependencies":["google_project_service.required_apis","google_secret_manager_secret.jwt_secret"]}]},{"mode":"managed","type":"google_secret_manager_secret_iam_binding","name":"postgres_password_accessor","provider":"provider[\"registry.opentofu.org/hashicorp/google\"]","instances":[{"schema_version":0,"attributes":{"condition":[],"etag":"BwY4yER6nFE=","id":"projects/automatic-rite-464507-d7/secrets/postgres_password/roles/secretmanager.secretAccessor","members":["serviceAccount:470976636166-compute@developer.gserviceaccount.com"],"project":"automatic-rite-464507-d7","role":"roles/secretmanager.secretAccessor","secret_id":"projects/automatic-rite-464507-d7/secrets/postgres_password"},"sensitive_attributes":[],"private":"bnVsbA==","dependencies":["google_project_service.required_apis","google_secret_manager_secret.postgres_password"]}]},{"mode":"managed","type":"google_secret_manager_secret_version","name":"grafana_password_version","provider":"provider[\"registry.opentofu.org/hashicorp/google\"]","instances":[{"schema_version":0,"attributes":{"create_time":"2025-06-30T11:24:12.996390Z","deletion_policy":"DELETE","destroy_time":"","enabled":true,"id":"projects/470976636166/secrets/grafana_admin_password/versions/1","is_secret_data_base64":false,"name":"projects/470976636166/secrets/grafana_admin_password/versions/1","secret":"projects/automatic-rite-464507-d7/secrets/grafana_admin_password","secret_data":"admin","secret_data_wo":null,"secret_data_wo_version":0,"timeouts":null,"version":"1"},"sensitive_attributes":[[{"type":"get_attr","value":"secret_data"}]],"private":"eyJlMmJmYjczMC1lY2FhLTExZTYtOGY4OC0zNDM2M2JjN2M0YzAiOnsiY3JlYXRlIjoxMjAwMDAwMDAwMDAwLCJkZWxldGUiOjEyMDAwMDAwMDAwMDAsInVwZGF0ZSI6MTIwMDAwMDAwMDAwMH19","dependencies":["google_project_service.required_apis","google_secret_manager_secret.grafana_password"]}]},{"mode":"managed","type":"google_secret_manager_secret_version","name":"jwt_secret_version","provider":"provider[\"registry.opentofu.org/hashicorp/google\"]","instances":[{"schema_version":0,"attributes":{"create_time":"2025-06-30T11:24:13.316708Z","deletion_policy":"DELETE","destroy_time":"","enabled":true,"id":"projects/470976636166/secrets/jwt_secret/versions/1","is_secret_data_base64":false,"name":"projects/470976636166/secrets/jwt_secret/versions/1","secret":"projects/automatic-rite-464507-d7/secrets/jwt_secret","secret_data":"eyJhbGciOiJIUzUxMiIsInR5cCI6IkpXVCJ9.eyJzdWIiOiIxMjM0NTY3ODkwIiwibmFtZSI6IkpvaG4gRG9lIiwiYWRtaW4iOnRydWUsImlhdCI6MTUxNjIzOTAyMn0.ANCf_8p1AE4ZQs7QuqGAyyfTEgYrKSjKWkhBk5cIn1_2QVr2jEjmM-1tu7EgnyOf_fAsvdFXva8Sv05iTGzETg","secret_data_wo":null,"secret_data_wo_version":0,"timeouts":null,"version":"1"},"sensitive_attributes":[[{"type":"get_attr","value":"secret_data"}]],"private":"eyJlMmJmYjczMC1lY2FhLTExZTYtOGY4OC0zNDM2M2JjN2M0YzAiOnsiY3JlYXRlIjoxMjAwMDAwMDAwMDAwLCJkZWxldGUiOjEyMDAwMDAwMDAwMDAsInVwZGF0ZSI6MTIwMDAwMDAwMDAwMH19","dependencies":["google_project_service.required_apis","google_secret_manager_secret.jwt_secret"]}]},{"mode":"managed","type":"google_secret_manager_secret_version","name":"postgres_password_version","provider":"provider[\"registry.opentofu.org/hashicorp/google\"]","instances":[{"schema_version":0,"attributes":{"create_time":"2025-06-30T11:24:13.256841Z","deletion_policy":"DELETE","destroy_time":"","enabled":true,"id":"projects/470976636166/secrets/postgres_password/versions/1","is_secret_data_base64":false,"name":"projects/470976636166/secrets/postgres_password/versions/1","secret":"projects/automatic-rite-464507-d7/secrets/postgres_password","secret_data":"projetPro","secret_data_wo":null,"secret_data_wo_version":0,"timeouts":null,"version":"1"},"sensitive_attributes":[[{"type":"get_attr","value":"secret_data"}]],"private":"eyJlMmJmYjczMC1lY2FhLTExZTYtOGY4OC0zNDM2M2JjN2M0YzAiOnsiY3JlYXRlIjoxMjAwMDAwMDAwMDAwLCJkZWxldGUiOjEyMDAwMDAwMDAwMDAsInVwZGF0ZSI6MTIwMDAwMDAwMDAwMH19","dependencies":["google_project_service.required_apis","google_secret_manager_secret.postgres_password"]}]},{"mode":"managed","type":"google_service_networking_connection","name":"private_vpc_connection","provider":"provider[\"registry.opentofu.org/hashicorp/google\"]","instances":[{"schema_version":0,"attributes":{"deletion_policy":null,"id":"projects%2Fautomatic-rite-464507-d7%2Fglobal%2Fnetworks%2Fprojet-pro-vpc:servicenetworking.googleapis.com","network":"projects/automatic-rite-464507-d7/global/networks/projet-pro-vpc","peering":"servicenetworking-googleapis-com","reserved_peering_ranges":["private-ip-address"],"service":"servicenetworking.googleapis.com","timeouts":null,"update_on_creation_fail":null},"sensitive_attributes":[],"private":"eyJlMmJmYjczMC1lY2FhLTExZTYtOGY4OC0zNDM2M2JjN2M0YzAiOnsiY3JlYXRlIjo2MDAwMDAwMDAwMDAsImRlbGV0ZSI6NjAwMDAwMDAwMDAwLCJ1cGRhdGUiOjYwMDAwMDAwMDAwMH19","dependencies":["google_compute_global_address.private_ip_address","google_compute_network.projet_pro_vpc","google_project_service.required_apis"]}]},{"mode":"managed","type":"google_sql_database","name":"grafana_db","provider":"provider[\"registry.opentofu.org/hashicorp/google\"]","instances":[{"schema_version":0,"attributes":{"charset":"UTF8","collation":"en_US.UTF8","deletion_policy":"DELETE","id":"projects/automatic-rite-464507-d7/instances/projet-pro-postgres-wzxecf/databases/grafana","instance":"projet-pro-postgres-wzxecf","name":"grafana","project":"automatic-rite-464507-d7","self_link":"https://sqladmin.googleapis.com/sql/v1beta4/projects/automatic-rite-464507-d7/instances/projet-pro-postgres-wzxecf/databases/grafana","timeouts":null},"sensitive_attributes":[],"private":"eyJlMmJmYjczMC1lY2FhLTExZTYtOGY4OC0zNDM2M2JjN2M0YzAiOnsiY3JlYXRlIjoxMjAwMDAwMDAwMDAwLCJkZWxldGUiOjEyMDAwMDAwMDAwMDAsInVwZGF0ZSI6MTIwMDAwMDAwMDAwMH19","dependencies":["google_compute_global_address.private_ip_address","google_compute_network.projet_pro_vpc","google_project_service.required_apis","google_service_networking_connection.private_vpc_connection","google_sql_database_instance.postgres","random_string.suffix"]}]},{"mode":"managed","type":"google_sql_database","name":"projetpro_db","provider":"provider[\"registry.opentofu.org/hashicorp/google\"]","instances":[{"schema_version":0,"attributes":{"charset":"UTF8","collation":"en_US.UTF8","deletion_policy":"DELETE","id":"projects/automatic-rite-464507-d7/instances/projet-pro-postgres-wzxecf/databases/projetpro","instance":"projet-pro-postgres-wzxecf","name":"projetpro","project":"automatic-rite-464507-d7","self_link":"https://sqladmin.googleapis.com/sql/v1beta4/projects/automatic-rite-464507-d7/instances/projet-pro-postgres-wzxecf/databases/projetpro","timeouts":null},"sensitive_attributes":[],"private":"eyJlMmJmYjczMC1lY2FhLTExZTYtOGY4OC0zNDM2M2JjN2M0YzAiOnsiY3JlYXRlIjoxMjAwMDAwMDAwMDAwLCJkZWxldGUiOjEyMDAwMDAwMDAwMDAsInVwZGF0ZSI6MTIwMDAwMDAwMDAwMH19","dependencies":["google_compute_global_address.private_ip_address","google_compute_network.projet_pro_vpc","google_project_service.required_apis","google_service_networking_connection.private_vpc_connection","google_sql_database_instance.postgres","random_string.suffix"]}]},{"mode":"managed","type":"google_sql_database_instance","name":"postgres","provider":"provider[\"registry.opentofu.org/hashicorp/google\"]","instances":[{"schema_version":0,"attributes":{"available_maintenance_versions":[],"clone":[],"connection_name":"automatic-rite-464507-d7:europe-west1:projet-pro-postgres-wzxecf","database_version":"POSTGRES_15","deletion_protection":false,"dns_name":"","dns_names":[],"encryption_key_name":null,"first_ip_address":"10.102.0.3","id":"projet-pro-postgres-wzxecf","instance_type":"CLOUD_SQL_INSTANCE","ip_address":[{"ip_address":"10.102.0.3","time_to_retire":"","type":"PRIVATE"}],"maintenance_version":"POSTGRES_15_13.R20250302.00_31","master_instance_name":"","name":"projet-pro-postgres-wzxecf","private_ip_address":"10.102.0.3","project":"automatic-rite-464507-d7","psc_service_attachment_link":"","public_ip_address":"","region":"europe-west1","replica_configuration":[],"replica_names":[],"replication_cluster":[{"dr_replica":false,"failover_dr_replica_name":""}],"restore_backup_context":[],"root_password":null,"self_link":"https://sqladmin.googleapis.com/sql/v1beta4/projects/automatic-rite-464507-d7/instances/projet-pro-postgres-wzxecf","server_ca_cert":[{"cert":"-----BEGIN CERTIFICATE-----\nMIIDfzCCAmegAwIBAgIBADANBgkqhkiG9w0BAQsFADB3MS0wKwYDVQQuEyRmYTQ5\nMWRlMi0yNjY1LTQzYjctYjQ3NS1iODlkNmVhNjNjNDcxIzAhBgNVBAMTGkdvb2ds\nZSBDbG91ZCBTUUwgU2VydmVyIENBMRQwEgYDVQQKEwtHb29nbGUsIEluYzELMAkG\nA1UEBhMCVVMwHhcNMjUwNjMwMDg1NjEyWhcNMzUwNjI4MDg1NzEyWjB3MS0wKwYD\nVQQuEyRmYTQ5MWRlMi0yNjY1LTQzYjctYjQ3NS1iODlkNmVhNjNjNDcxIzAhBgNV\nBAMTGkdvb2dsZSBDbG91ZCBTUUwgU2VydmVyIENBMRQwEgYDVQQKEwtHb29nbGUs\nIEluYzELMAkGA1UEBhMCVVMwggEiMA0GCSqGSIb3DQEBAQUAA4IBDwAwggEKAoIB\nAQDWJog8prkE1UHRhAoev2/NTnSFr4hklWw0JhsJKUhJrMALlPnQO+VSuWcA/mRw\nNYU5ifrknUbTDxRq6WPut5PVVrf0GM1rQ59oI1+2B2JSeIge46mXqLm65LMY6d/y\nOZ+FG60C73REiJldjq3LTM2xpMYtTlDPcjfB8+gUUEZltvTF34NnPYS8BKCoLedG\n3//NyIyZ/z/fpcdQM1pEOT1eVaKzlJeQFOF55vHYKXgdvdOR4CX2jht1UQaOAH5q\nj1oOX2Q2frckVgMoT92puoEFw+7tnTZ2fI9noz7Hz6V7iPAaDNFNqCYXQVc74mp1\nBvHbPr9OwU5IVREmzA49u/QRAgMBAAGjFjAUMBIGA1UdEwEB/wQIMAYBAf8CAQAw\nDQYJKoZIhvcNAQELBQADggEBAGf6pr31ql24a5Ebdnn7BJCD4P2W7VobKJYtURYR\nN5zMUsp7xxPnC0Hqb/JxSqXNrHUrbYh5x+bziKgf+E8UIe+1HVLOyjyLJQ6j7pfx\n+Lcl/nJiTj+f02BU3PuKjW/lzCTYdZTPvkMPrj1hwPhSO7V4T6rAEEUqFzLkh5Xi\nylKbcXwbGfa25nW0dO/x0NHvDi5mb0txLUlLPNo2EBtzuWp9fy5x4zkGMKQh9HA2\n59bVpF4Lq6yJdIf9AESduQhdbi5lLvr1NR1oya7palzO0Af2YzAM4zpufngW3y8z\nQpfrsoQsigfTPDtRfmX/cETXuVWxf64s67x7j3nw1DDpF6k=\n-----END CERTIFICATE-----","common_name":"C=US,O=Google\\, Inc,CN=Google Cloud SQL Server CA,dnQualifier=fa491de2-2665-43b7-b475-b89d6ea63c47","create_time":"2025-06-30T08:56:12.153Z","expiration_time":"2035-06-28T08:57:12.153Z","sha1_fingerprint":"3487b19f297ea3ca0432315db330518014746c51"}],"service_account_email_address":"p470976636166-g50rei@gcp-sa-cloud-sql.iam.gserviceaccount.com","settings":[{"activation_policy":"ALWAYS","active_directory_config":[],"advanced_machine_features":[],"availability_type":"ZONAL","backup_configuration":[{"backup_retention_settings":[{"retained_backups":7,"retention_unit":"COUNT"}],"binary_log_enabled":false,"enabled":true,"location":"","point_in_time_recovery_enabled":false,"start_time":"03:00","transaction_log_retention_days":7}],"collation":"","connection_pool_config":[],"connector_enforcement":"NOT_REQUIRED","data_cache_config":[{"data_cache_enabled":false}],"database_flags":[],"deletion_protection_enabled":false,"deny_maintenance_period":[],"disk_autoresize":true,"disk_autoresize_limit":0,"disk_size":10,"disk_type":"PD_HDD","edition":"ENTERPRISE","enable_dataplex_integration":false,"enable_google_ml_integration":false,"insights_config":[],"ip_configuration":[{"allocated_ip_range":"","authorized_networks":[],"custom_subject_alternative_names":[],"enable_private_path_for_google_cloud_services":false,"ipv4_enabled":false,"private_network":"projects/automatic-rite-464507-d7/global/networks/projet-pro-vpc","psc_config":[],"server_ca_mode":"GOOGLE_MANAGED_INTERNAL_CA","server_ca_pool":"","ssl_mode":"ALLOW_UNENCRYPTED_AND_ENCRYPTED"}],"location_preference":[{"follow_gae_application":"","secondary_zone":"","zone":"europe-west1-d"}],"maintenance_window":[{"day":7,"hour":3,"update_track":"stable"}],"password_validation_policy":[],"pricing_plan":"PER_USE","retain_backups_on_delete":false,"sql_server_audit_config":[],"tier":"db-f1-micro","time_zone":"","user_labels":{},"version":2}],"timeouts":null},"sensitive_attributes":[[{"type":"get_attr","value":"root_password"}],[{"type":"get_attr","value":"server_ca_cert"}]],"private":"eyJlMmJmYjczMC1lY2FhLTExZTYtOGY4OC0zNDM2M2JjN2M0YzAiOnsiY3JlYXRlIjo1NDAwMDAwMDAwMDAwLCJkZWxldGUiOjU0MDAwMDAwMDAwMDAsInVwZGF0ZSI6NTQwMDAwMDAwMDAwMH19","dependencies":["google_compute_global_address.private_ip_address","google_compute_network.projet_pro_vpc","google_project_service.required_apis","google_service_networking_connection.private_vpc_connection","random_string.suffix"]}]},{"mode":"managed","type":"google_sql_user","name":"postgres_user","provider":"provider[\"registry.opentofu.org/hashicorp/google\"]","instances":[{"schema_version":1,"attributes":{"deletion_policy":null,"host":"","id":"projetpro//projet-pro-postgres-wzxecf","instance":"projet-pro-postgres-wzxecf","name":"projetpro","password":"projetPro","password_policy":[],"password_wo":null,"password_wo_version":null,"project":"automatic-rite-464507-d7","sql_server_user_details":[],"timeouts":null,"type":""},"sensitive_attributes":[[{"type":"get_attr","value":"password"}]],"private":"eyJlMmJmYjczMC1lY2FhLTExZTYtOGY4OC0zNDM2M2JjN2M0YzAiOnsiY3JlYXRlIjo2MDAwMDAwMDAwMDAsImRlbGV0ZSI6NjAwMDAwMDAwMDAwLCJ1cGRhdGUiOjYwMDAwMDAwMDAwMH0sInNjaGVtYV92ZXJzaW9uIjoiMSJ9","dependencies":["google_compute_global_address.private_ip_address","google_compute_network.projet_pro_vpc","google_project_service.required_apis","google_service_networking_connection.private_vpc_connection","google_sql_database_instance.postgres","random_string.suffix"]}]},{"mode":"managed","type":"google_storage_bucket","name":"grafana_dashboards","provider":"provider[\"registry.opentofu.org/hashicorp/google\"]","instances":[{"schema_version":3,"attributes":{"autoclass":[],"cors":[],"custom_placement_config":[],"default_event_based_hold":false,"effective_labels":{"goog-terraform-provisioned":"true"},"enable_object_retention":false,"encryption":[],"force_destroy":true,"hierarchical_namespace":[{"enabled":false}],"id":"projet-pro-grafana-wzxecf","ip_filter":[],"labels":null,"lifecycle_rule":[],"location":"EUROPE-WEST1","logging":[],"name":"projet-pro-grafana-wzxecf","project":"automatic-rite-464507-d7","project_number":470976636166,"public_access_prevention":"inherited","requester_pays":false,"retention_policy":[],"rpo":null,"self_link":"https://www.googleapis.com/storage/v1/b/projet-pro-grafana-wzxecf","soft_delete_policy":[{"effective_time":"2025-06-30T11:24:36.233Z","retention_duration_seconds":604800}],"storage_class":"NEARLINE","terraform_labels":{"goog-terraform-provisioned":"true"},"time_created":"2025-06-30T11:24:36.233Z","timeouts":null,"uniform_bucket_level_access":false,"updated":"2025-06-30T11:24:36.233Z","url":"gs://projet-pro-grafana-wzxecf","versioning":[{"enabled":false}],"website":[]},"sensitive_attributes":[],"private":"eyJlMmJmYjczMC1lY2FhLTExZTYtOGY4OC0zNDM2M2JjN2M0YzAiOnsiY3JlYXRlIjo2MDAwMDAwMDAwMDAsInJlYWQiOjI0MDAwMDAwMDAwMCwidXBkYXRlIjoyNDAwMDAwMDAwMDB9LCJzY2hlbWFfdmVyc2lvbiI6IjMifQ==","dependencies":["random_string.suffix"]}]},{"mode":"managed","type":"google_storage_bucket","name":"machine_images","provider":"provider[\"registry.opentofu.org/hashicorp/google\"]","instances":[{"schema_version":3,"attributes":{"autoclass":[],"cors":[],"custom_placement_config":[],"default_event_based_hold":false,"effective_labels":{"goog-terraform-provisioned":"true"},"enable_object_retention":false,"encryption":[],"force_destroy":true,"hierarchical_namespace":[{"enabled":false}],"id":"projet-pro-machine-images-wzxecf","ip_filter":[],"labels":null,"lifecycle_rule":[{"action":[{"storage_class":"","type":"Delete"}],"condition":[{"age":90,"created_before":"","custom_time_before":"","days_since_custom_time":0,"days_since_noncurrent_time":0,"matches_prefix":[],"matches_storage_class":[],"matches_suffix":[],"noncurrent_time_before":"","num_newer_versions":0,"send_age_if_zero":false,"send_days_since_custom_time_if_zero":false,"send_days_since_noncurrent_time_if_zero":false,"send_num_newer_versions_if_zero":false,"with_state":"ANY"}]}],"location":"EUROPE-WEST1","logging":[],"name":"projet-pro-machine-images-wzxecf","project":"automatic-rite-464507-d7","project_number":470976636166,"public_access_prevention":"inherited","requester_pays":false,"retention_policy":[],"rpo":null,"self_link":"https://www.googleapis.com/storage/v1/b/projet-pro-machine-images-wzxecf","soft_delete_policy":[{"effective_time":"2025-06-30T11:24:35.908Z","retention_duration_seconds":604800}],"storage_class":"STANDARD","terraform_labels":{"goog-terraform-provisioned":"true"},"time_created":"2025-06-30T11:24:35.908Z","timeouts":null,"uniform_bucket_level_access":false,"updated":"2025-06-30T11:24:35.908Z","url":"gs://projet-pro-machine-images-wzxecf","versioning":[{"enabled":false}],"website":[]},"sensitive_attributes":[],"private":"eyJlMmJmYjczMC1lY2FhLTExZTYtOGY4OC0zNDM2M2JjN2M0YzAiOnsiY3JlYXRlIjo2MDAwMDAwMDAwMDAsInJlYWQiOjI0MDAwMDAwMDAwMCwidXBkYXRlIjoyNDAwMDAwMDAwMDB9LCJzY2hlbWFfdmVyc2lvbiI6IjMifQ==","dependencies":["random_string.suffix"]}]},{"mode":"managed","type":"google_storage_bucket","name":"temp_uploads","provider":"provider[\"registry.opentofu.org/hashicorp/google\"]","instances":[{"schema_version":3,"attributes":{"autoclass":[],"cors":[],"custom_placement_config":[],"default_event_based_hold":false,"effective_labels":{"goog-terraform-provisioned":"true"},"enable_object_retention":false,"encryption":[],"force_destroy":true,"hierarchical_namespace":[{"enabled":false}],"id":"projet-pro-temp-uploads-wzxecf","ip_filter":[],"labels":null,"lifecycle_rule":[{"action":[{"storage_class":"","type":"Delete"}],"condition":[{"age":7,"created_before":"","custom_time_before":"","days_since_custom_time":0,"days_since_noncurrent_time":0,"matches_prefix":[],"matches_storage_class":[],"matches_suffix":[],"noncurrent_time_before":"","num_newer_versions":0,"send_age_if_zero":false,"send_days_since_custom_time_if_zero":false,"send_days_since_noncurrent_time_if_zero":false,"send_num_newer_versions_if_zero":false,"with_state":"ANY"}]}],"location":"EUROPE-WEST1","logging":[],"name":"projet-pro-temp-uploads-wzxecf","project":"automatic-rite-464507-d7","project_number":470976636166,"public_access_prevention":"inherited","requester_pays":false,"retention_policy":[],"rpo":null,"self_link":"https://www.googleapis.com/storage/v1/b/projet-pro-temp-uploads-wzxecf","soft_delete_policy":[{"effective_time":"2025-06-30T11:24:36.105Z","retention_duration_seconds":604800}],"storage_class":"STANDARD","terraform_labels":{"goog-terraform-provisioned":"true"},"time_created":"2025-06-30T11:24:36.105Z","timeouts":null,"uniform_bucket_level_access":false,"updated":"2025-06-30T11:24:36.105Z","url":"gs://projet-pro-temp-uploads-wzxecf","versioning":[{"enabled":false}],"website":[]},"sensitive_attributes":[],"private":"eyJlMmJmYjczMC1lY2FhLTExZTYtOGY4OC0zNDM2M2JjN2M0YzAiOnsiY3JlYXRlIjo2MDAwMDAwMDAwMDAsInJlYWQiOjI0MDAwMDAwMDAwMCwidXBkYXRlIjoyNDAwMDAwMDAwMDB9LCJzY2hlbWFfdmVyc2lvbiI6IjMifQ==","dependencies":["random_string.suffix"]}]},{"mode":"managed","type":"google_storage_bucket_iam_binding","name":"grafana_dashboards_object_admin","provider":"provider[\"registry.opentofu.org/hashicorp/google\"]","instances":[{"schema_version":0,"attributes":{"bucket":"b/projet-pro-grafana-wzxecf","condition":[],"etag":"CAI=","id":"b/projet-pro-grafana-wzxecf/roles/storage.objectAdmin","members":["serviceAccount:470976636166-compute@developer.gserviceaccount.com"],"role":"roles/storage.objectAdmin"},"sensitive_attributes":[],"private":"bnVsbA==","dependencies":["google_storage_bucket.grafana_dashboards","random_string.suffix"]}]},{"mode":"managed","type":"google_storage_bucket_iam_binding","name":"machine_images_object_admin","provider":"provider[\"registry.opentofu.org/hashicorp/google\"]","instances":[{"schema_version":0,"attributes":{"bucket":"b/projet-pro-machine-images-wzxecf","condition":[],"etag":"CAI=","id":"b/projet-pro-machine-images-wzxecf/roles/storage.objectAdmin","members":["serviceAccount:470976636166-compute@developer.gserviceaccount.com"],"role":"roles/storage.objectAdmin"},"sensitive_attributes":[],"private":"bnVsbA==","dependencies":["google_storage_bucket.machine_images","random_string.suffix"]}]},{"mode":"managed","type":"google_storage_bucket_iam_binding","name":"temp_uploads_object_admin","provider":"provider[\"registry.opentofu.org/hashicorp/google\"]","instances":[{"schema_version":0,"attributes":{"bucket":"b/projet-pro-temp-uploads-wzxecf","condition":[],"etag":"CAI=","id":"b/projet-pro-temp-uploads-wzxecf/roles/storage.objectAdmin","members":["serviceAccount:470976636166-compute@developer.gserviceaccount.com"],"role":"roles/storage.objectAdmin"},"sensitive_attributes":[],"private":"bnVsbA==","dependencies":["google_storage_bucket.temp_uploads","random_string.suffix"]}]},{"mode":"managed","type":"google_vpc_access_connector","name":"connector","provider":"provider[\"registry.opentofu.org/hashicorp/google\"]","instances":[{"schema_version":0,"attributes":{"connected_projects":["automatic-rite-464507-d7"],"id":"projects/automatic-rite-464507-d7/locations/europe-west1/connectors/projet-pro-connector-v2","ip_cidr_range":"10.8.0.0/28","machine_type":"e2-micro","max_instances":3,"max_throughput":300,"min_instances":2,"min_throughput":200,"name":"projet-pro-connector-v2","network":"projet-pro-vpc","project":"automatic-rite-464507-d7","region":"europe-west1","self_link":"projects/automatic-rite-464507-d7/locations/europe-west1/connectors/projet-pro-connector-v2","state":"READY","subnet":[],"timeouts":null},"sensitive_attributes":[],"private":"eyJlMmJmYjczMC1lY2FhLTExZTYtOGY4OC0zNDM2M2JjN2M0YzAiOnsiY3JlYXRlIjoxMjAwMDAwMDAwMDAwLCJkZWxldGUiOjEyMDAwMDAwMDAwMDAsInVwZGF0ZSI6MTIwMDAwMDAwMDAwMH19","dependencies":["google_compute_network.projet_pro_vpc","google_project_service.required_apis"]}]},{"mode":"managed","type":"random_string","name":"suffix","provider":"provider[\"registry.opentofu.org/hashicorp/random\"]","instances":[{"schema_version":2,"attributes":{"id":"wzxecf","keepers":null,"length":6,"lower":true,"min_lower":0,"min_numeric":0,"min_special":0,"min_upper":0,"number":true,"numeric":true,"override_special":null,"result":"wzxecf","special":false,"upper":false},"sensitive_attributes":[]}]}],"check_results":null}
